// !$*UTF8*$!
{
	archiveVersion = 1;
	classes = {
	};
	objectVersion = 77;
	objects = {

/* Begin PBXContainerItemProxy section */
		634DBFBC2E1D3FDD001B32ED /* PBXContainerItemProxy */ = {
			isa = PBXContainerItemProxy;
			containerPortal = 634DBFA22E1D3FDC001B32ED /* Project object */;
			proxyType = 1;
			remoteGlobalIDString = 634DBFA92E1D3FDC001B32ED;
			remoteInfo = KeyboardManager;
		};
		634DBFC62E1D3FDD001B32ED /* PBXContainerItemProxy */ = {
			isa = PBXContainerItemProxy;
			containerPortal = 634DBFA22E1D3FDC001B32ED /* Project object */;
			proxyType = 1;
			remoteGlobalIDString = 634DBFA92E1D3FDC001B32ED;
			remoteInfo = KeyboardManager;
		};
/* End PBXContainerItemProxy section */

/* Begin PBXFileReference section */
		634DBFAA2E1D3FDC001B32ED /* KeyboardManager.app */ = {isa = PBXFileReference; explicitFileType = wrapper.application; includeInIndex = 0; path = KeyboardManager.app; sourceTree = BUILT_PRODUCTS_DIR; };
		634DBFBB2E1D3FDD001B32ED /* KeyboardManagerTests.xctest */ = {isa = PBXFileReference; explicitFileType = wrapper.cfbundle; includeInIndex = 0; path = KeyboardManagerTests.xctest; sourceTree = BUILT_PRODUCTS_DIR; };
		634DBFC52E1D3FDD001B32ED /* KeyboardManagerUITests.xctest */ = {isa = PBXFileReference; explicitFileType = wrapper.cfbundle; includeInIndex = 0; path = KeyboardManagerUITests.xctest; sourceTree = BUILT_PRODUCTS_DIR; };
/* End PBXFileReference section */

/* Begin PBXFileSystemSynchronizedBuildFileExceptionSet section */
		634DBFD92E1D445D001B32ED /* Exceptions for "KeyboardManager" folder in "KeyboardManager" target */ = {
			isa = PBXFileSystemSynchronizedBuildFileExceptionSet;
			membershipExceptions = (
				Info.plist,
			);
			target = 634DBFA92E1D3FDC001B32ED /* KeyboardManager */;
		};
/* End PBXFileSystemSynchronizedBuildFileExceptionSet section */

/* Begin PBXFileSystemSynchronizedRootGroup section */
		634DBFAC2E1D3FDC001B32ED /* KeyboardManager */ = {
			isa = PBXFileSystemSynchronizedRootGroup;
			exceptions = (
				634DBFD92E1D445D001B32ED /* Exceptions for "KeyboardManager" folder in "KeyboardManager" target */,
			);
			path = KeyboardManager;
			sourceTree = "<group>";
		};
		634DBFBE2E1D3FDD001B32ED /* KeyboardManagerTests */ = {
			isa = PBXFileSystemSynchronizedRootGroup;
			path = KeyboardManagerTests;
			sourceTree = "<group>";
		};
		634DBFC82E1D3FDD001B32ED /* KeyboardManagerUITests */ = {
			isa = PBXFileSystemSynchronizedRootGroup;
			path = KeyboardManagerUITests;
			sourceTree = "<group>";
		};
/* End PBXFileSystemSynchronizedRootGroup section */

/* Begin PBXFrameworksBuildPhase section */
		634DBFA72E1D3FDC001B32ED /* Frameworks */ = {
			isa = PBXFrameworksBuildPhase;
			buildActionMask = 2147483647;
			files = (
			);
			runOnlyForDeploymentPostprocessing = 0;
		};
		634DBFB82E1D3FDD001B32ED /* Frameworks */ = {
			isa = PBXFrameworksBuildPhase;
			buildActionMask = 2147483647;
			files = (
			);
			runOnlyForDeploymentPostprocessing = 0;
		};
		634DBFC22E1D3FDD001B32ED /* Frameworks */ = {
			isa = PBXFrameworksBuildPhase;
			buildActionMask = 2147483647;
			files = (
			);
			runOnlyForDeploymentPostprocessing = 0;
		};
/* End PBXFrameworksBuildPhase section */

/* Begin PBXGroup section */
		634DBFA12E1D3FDC001B32ED = {
			isa = PBXGroup;
			children = (
				634DBFAC2E1D3FDC001B32ED /* KeyboardManager */,
				634DBFBE2E1D3FDD001B32ED /* KeyboardManagerTests */,
				634DBFC82E1D3FDD001B32ED /* KeyboardManagerUITests */,
				634DBFAB2E1D3FDC001B32ED /* Products */,
			);
			sourceTree = "<group>";
		};
		634DBFAB2E1D3FDC001B32ED /* Products */ = {
			isa = PBXGroup;
			children = (
				634DBFAA2E1D3FDC001B32ED /* KeyboardManager.app */,
				634DBFBB2E1D3FDD001B32ED /* KeyboardManagerTests.xctest */,
				634DBFC52E1D3FDD001B32ED /* KeyboardManagerUITests.xctest */,
			);
			name = Products;
			sourceTree = "<group>";
		};
/* End PBXGroup section */

/* Begin PBXNativeTarget section */
		634DBFA92E1D3FDC001B32ED /* KeyboardManager */ = {
			isa = PBXNativeTarget;
			buildConfigurationList = 634DBFCF2E1D3FDD001B32ED /* Build configuration list for PBXNativeTarget "KeyboardManager" */;
			buildPhases = (
				634DBFA62E1D3FDC001B32ED /* Sources */,
				634DBFA72E1D3FDC001B32ED /* Frameworks */,
				634DBFA82E1D3FDC001B32ED /* Resources */,
			);
			buildRules = (
			);
			dependencies = (
			);
			fileSystemSynchronizedGroups = (
				634DBFAC2E1D3FDC001B32ED /* KeyboardManager */,
			);
			name = KeyboardManager;
			packageProductDependencies = (
			);
			productName = KeyboardManager;
			productReference = 634DBFAA2E1D3FDC001B32ED /* KeyboardManager.app */;
			productType = "com.apple.product-type.application";
		};
		634DBFBA2E1D3FDD001B32ED /* KeyboardManagerTests */ = {
			isa = PBXNativeTarget;
			buildConfigurationList = 634DBFD22E1D3FDD001B32ED /* Build configuration list for PBXNativeTarget "KeyboardManagerTests" */;
			buildPhases = (
				634DBFB72E1D3FDD001B32ED /* Sources */,
				634DBFB82E1D3FDD001B32ED /* Frameworks */,
				634DBFB92E1D3FDD001B32ED /* Resources */,
			);
			buildRules = (
			);
			dependencies = (
				634DBFBD2E1D3FDD001B32ED /* PBXTargetDependency */,
			);
			fileSystemSynchronizedGroups = (
				634DBFBE2E1D3FDD001B32ED /* KeyboardManagerTests */,
			);
			name = KeyboardManagerTests;
			packageProductDependencies = (
			);
			productName = KeyboardManagerTests;
			productReference = 634DBFBB2E1D3FDD001B32ED /* KeyboardManagerTests.xctest */;
			productType = "com.apple.product-type.bundle.unit-test";
		};
		634DBFC42E1D3FDD001B32ED /* KeyboardManagerUITests */ = {
			isa = PBXNativeTarget;
			buildConfigurationList = 634DBFD52E1D3FDD001B32ED /* Build configuration list for PBXNativeTarget "KeyboardManagerUITests" */;
			buildPhases = (
				634DBFC12E1D3FDD001B32ED /* Sources */,
				634DBFC22E1D3FDD001B32ED /* Frameworks */,
				634DBFC32E1D3FDD001B32ED /* Resources */,
			);
			buildRules = (
			);
			dependencies = (
				634DBFC72E1D3FDD001B32ED /* PBXTargetDependency */,
			);
			fileSystemSynchronizedGroups = (
				634DBFC82E1D3FDD001B32ED /* KeyboardManagerUITests */,
			);
			name = KeyboardManagerUITests;
			packageProductDependencies = (
			);
			productName = KeyboardManagerUITests;
			productReference = 634DBFC52E1D3FDD001B32ED /* KeyboardManagerUITests.xctest */;
			productType = "com.apple.product-type.bundle.ui-testing";
		};
/* End PBXNativeTarget section */

/* Begin PBXProject section */
		634DBFA22E1D3FDC001B32ED /* Project object */ = {
			isa = PBXProject;
			attributes = {
				BuildIndependentTargetsInParallel = 1;
				LastSwiftUpdateCheck = 1640;
				LastUpgradeCheck = 1640;
				TargetAttributes = {
					634DBFA92E1D3FDC001B32ED = {
						CreatedOnToolsVersion = 16.4;
					};
					634DBFBA2E1D3FDD001B32ED = {
						CreatedOnToolsVersion = 16.4;
						TestTargetID = 634DBFA92E1D3FDC001B32ED;
					};
					634DBFC42E1D3FDD001B32ED = {
						CreatedOnToolsVersion = 16.4;
						TestTargetID = 634DBFA92E1D3FDC001B32ED;
					};
				};
			};
			buildConfigurationList = 634DBFA52E1D3FDC001B32ED /* Build configuration list for PBXProject "KeyboardManager" */;
			developmentRegion = en;
			hasScannedForEncodings = 0;
			knownRegions = (
				en,
				Base,
			);
			mainGroup = 634DBFA12E1D3FDC001B32ED;
			minimizedProjectReferenceProxies = 1;
			preferredProjectObjectVersion = 77;
			productRefGroup = 634DBFAB2E1D3FDC001B32ED /* Products */;
			projectDirPath = "";
			projectRoot = "";
			targets = (
				634DBFA92E1D3FDC001B32ED /* KeyboardManager */,
				634DBFBA2E1D3FDD001B32ED /* KeyboardManagerTests */,
				634DBFC42E1D3FDD001B32ED /* KeyboardManagerUITests */,
			);
		};
/* End PBXProject section */

/* Begin PBXResourcesBuildPhase section */
		634DBFA82E1D3FDC001B32ED /* Resources */ = {
			isa = PBXResourcesBuildPhase;
			buildActionMask = 2147483647;
			files = (
			);
			runOnlyForDeploymentPostprocessing = 0;
		};
		634DBFB92E1D3FDD001B32ED /* Resources */ = {
			isa = PBXResourcesBuildPhase;
			buildActionMask = 2147483647;
			files = (
			);
			runOnlyForDeploymentPostprocessing = 0;
		};
		634DBFC32E1D3FDD001B32ED /* Resources */ = {
			isa = PBXResourcesBuildPhase;
			buildActionMask = 2147483647;
			files = (
			);
			runOnlyForDeploymentPostprocessing = 0;
		};
/* End PBXResourcesBuildPhase section */

/* Begin PBXSourcesBuildPhase section */
		634DBFA62E1D3FDC001B32ED /* Sources */ = {
			isa = PBXSourcesBuildPhase;
			buildActionMask = 2147483647;
			files = (
			);
			runOnlyForDeploymentPostprocessing = 0;
		};
		634DBFB72E1D3FDD001B32ED /* Sources */ = {
			isa = PBXSourcesBuildPhase;
			buildActionMask = 2147483647;
			files = (
			);
			runOnlyForDeploymentPostprocessing = 0;
		};
		634DBFC12E1D3FDD001B32ED /* Sources */ = {
			isa = PBXSourcesBuildPhase;
			buildActionMask = 2147483647;
			files = (
			);
			runOnlyForDeploymentPostprocessing = 0;
		};
/* End PBXSourcesBuildPhase section */

/* Begin PBXTargetDependency section */
		634DBFBD2E1D3FDD001B32ED /* PBXTargetDependency */ = {
			isa = PBXTargetDependency;
			target = 634DBFA92E1D3FDC001B32ED /* KeyboardManager */;
			targetProxy = 634DBFBC2E1D3FDD001B32ED /* PBXContainerItemProxy */;
		};
		634DBFC72E1D3FDD001B32ED /* PBXTargetDependency */ = {
			isa = PBXTargetDependency;
			target = 634DBFA92E1D3FDC001B32ED /* KeyboardManager */;
			targetProxy = 634DBFC62E1D3FDD001B32ED /* PBXContainerItemProxy */;
		};
/* End PBXTargetDependency section */

/* Begin XCBuildConfiguration section */
		634DBFCD2E1D3FDD001B32ED /* Debug */ = {
			isa = XCBuildConfiguration;
			buildSettings = {
				ALWAYS_SEARCH_USER_PATHS = NO;
				ASSETCATALOG_COMPILER_GENERATE_SWIFT_ASSET_SYMBOL_EXTENSIONS = YES;
				CLANG_ANALYZER_NONNULL = YES;
				CLANG_ANALYZER_NUMBER_OBJECT_CONVERSION = YES_AGGRESSIVE;
				CLANG_CXX_LANGUAGE_STANDARD = "gnu++20";
				CLANG_ENABLE_MODULES = YES;
				CLANG_ENABLE_OBJC_ARC = YES;
				CLANG_ENABLE_OBJC_WEAK = YES;
				CLANG_WARN_BLOCK_CAPTURE_AUTORELEASING = YES;
				CLANG_WARN_BOOL_CONVERSION = YES;
				CLANG_WARN_COMMA = YES;
				CLANG_WARN_CONSTANT_CONVERSION = YES;
				CLANG_WARN_DEPRECATED_OBJC_IMPLEMENTATIONS = YES;
				CLANG_WARN_DIRECT_OBJC_ISA_USAGE = YES_ERROR;
				CLANG_WARN_DOCUMENTATION_COMMENTS = YES;
				CLANG_WARN_EMPTY_BODY = YES;
				CLANG_WARN_ENUM_CONVERSION = YES;
				CLANG_WARN_INFINITE_RECURSION = YES;
				CLANG_WARN_INT_CONVERSION = YES;
				CLANG_WARN_NON_LITERAL_NULL_CONVERSION = YES;
				CLANG_WARN_OBJC_IMPLICIT_RETAIN_SELF = YES;
				CLANG_WARN_OBJC_LITERAL_CONVERSION = YES;
				CLANG_WARN_OBJC_ROOT_CLASS = YES_ERROR;
				CLANG_WARN_QUOTED_INCLUDE_IN_FRAMEWORK_HEADER = YES;
				CLANG_WARN_RANGE_LOOP_ANALYSIS = YES;
				CLANG_WARN_STRICT_PROTOTYPES = YES;
				CLANG_WARN_SUSPICIOUS_MOVE = YES;
				CLANG_WARN_UNGUARDED_AVAILABILITY = YES_AGGRESSIVE;
				CLANG_WARN_UNREACHABLE_CODE = YES;
				CLANG_WARN__DUPLICATE_METHOD_MATCH = YES;
				COPY_PHASE_STRIP = NO;
				DEBUG_INFORMATION_FORMAT = dwarf;
				ENABLE_STRICT_OBJC_MSGSEND = YES;
				ENABLE_TESTABILITY = YES;
				ENABLE_USER_SCRIPT_SANDBOXING = YES;
				GCC_C_LANGUAGE_STANDARD = gnu17;
				GCC_DYNAMIC_NO_PIC = NO;
				GCC_NO_COMMON_BLOCKS = YES;
				GCC_OPTIMIZATION_LEVEL = 0;
				GCC_PREPROCESSOR_DEFINITIONS = (
					"DEBUG=1",
					"$(inherited)",
				);
				GCC_WARN_64_TO_32_BIT_CONVERSION = YES;
				GCC_WARN_ABOUT_RETURN_TYPE = YES_ERROR;
				GCC_WARN_UNDECLARED_SELECTOR = YES;
				GCC_WARN_UNINITIALIZED_AUTOS = YES_AGGRESSIVE;
				GCC_WARN_UNUSED_FUNCTION = YES;
				GCC_WARN_UNUSED_VARIABLE = YES;
				LOCALIZATION_PREFERS_STRING_CATALOGS = YES;
				MACOSX_DEPLOYMENT_TARGET = 15.5;
				MTL_ENABLE_DEBUG_INFO = INCLUDE_SOURCE;
				MTL_FAST_MATH = YES;
				ONLY_ACTIVE_ARCH = YES;
				SDKROOT = macosx;
				SWIFT_ACTIVE_COMPILATION_CONDITIONS = "DEBUG $(inherited)";
				SWIFT_OPTIMIZATION_LEVEL = "-Onone";
			};
			name = Debug;
		};
		634DBFCE2E1D3FDD001B32ED /* Release */ = {
			isa = XCBuildConfiguration;
			buildSettings = {
				ALWAYS_SEARCH_USER_PATHS = NO;
				ASSETCATALOG_COMPILER_GENERATE_SWIFT_ASSET_SYMBOL_EXTENSIONS = YES;
				CLANG_ANALYZER_NONNULL = YES;
				CLANG_ANALYZER_NUMBER_OBJECT_CONVERSION = YES_AGGRESSIVE;
				CLANG_CXX_LANGUAGE_STANDARD = "gnu++20";
				CLANG_ENABLE_MODULES = YES;
				CLANG_ENABLE_OBJC_ARC = YES;
				CLANG_ENABLE_OBJC_WEAK = YES;
				CLANG_WARN_BLOCK_CAPTURE_AUTORELEASING = YES;
				CLANG_WARN_BOOL_CONVERSION = YES;
				CLANG_WARN_COMMA = YES;
				CLANG_WARN_CONSTANT_CONVERSION = YES;
				CLANG_WARN_DEPRECATED_OBJC_IMPLEMENTATIONS = YES;
				CLANG_WARN_DIRECT_OBJC_ISA_USAGE = YES_ERROR;
				CLANG_WARN_DOCUMENTATION_COMMENTS = YES;
				CLANG_WARN_EMPTY_BODY = YES;
				CLANG_WARN_ENUM_CONVERSION = YES;
				CLANG_WARN_INFINITE_RECURSION = YES;
				CLANG_WARN_INT_CONVERSION = YES;
				CLANG_WARN_NON_LITERAL_NULL_CONVERSION = YES;
				CLANG_WARN_OBJC_IMPLICIT_RETAIN_SELF = YES;
				CLANG_WARN_OBJC_LITERAL_CONVERSION = YES;
				CLANG_WARN_OBJC_ROOT_CLASS = YES_ERROR;
				CLANG_WARN_QUOTED_INCLUDE_IN_FRAMEWORK_HEADER = YES;
				CLANG_WARN_RANGE_LOOP_ANALYSIS = YES;
				CLANG_WARN_STRICT_PROTOTYPES = YES;
				CLANG_WARN_SUSPICIOUS_MOVE = YES;
				CLANG_WARN_UNGUARDED_AVAILABILITY = YES_AGGRESSIVE;
				CLANG_WARN_UNREACHABLE_CODE = YES;
				CLANG_WARN__DUPLICATE_METHOD_MATCH = YES;
				COPY_PHASE_STRIP = NO;
				DEBUG_INFORMATION_FORMAT = "dwarf-with-dsym";
				ENABLE_NS_ASSERTIONS = NO;
				ENABLE_STRICT_OBJC_MSGSEND = YES;
				ENABLE_USER_SCRIPT_SANDBOXING = YES;
				GCC_C_LANGUAGE_STANDARD = gnu17;
				GCC_NO_COMMON_BLOCKS = YES;
				GCC_WARN_64_TO_32_BIT_CONVERSION = YES;
				GCC_WARN_ABOUT_RETURN_TYPE = YES_ERROR;
				GCC_WARN_UNDECLARED_SELECTOR = YES;
				GCC_WARN_UNINITIALIZED_AUTOS = YES_AGGRESSIVE;
				GCC_WARN_UNUSED_FUNCTION = YES;
				GCC_WARN_UNUSED_VARIABLE = YES;
				LOCALIZATION_PREFERS_STRING_CATALOGS = YES;
				MACOSX_DEPLOYMENT_TARGET = 15.5;
				MTL_ENABLE_DEBUG_INFO = NO;
				MTL_FAST_MATH = YES;
				SDKROOT = macosx;
				SWIFT_COMPILATION_MODE = wholemodule;
			};
			name = Release;
		};
		634DBFD02E1D3FDD001B32ED /* Debug */ = {
			isa = XCBuildConfiguration;
			buildSettings = {
				ASSETCATALOG_COMPILER_APPICON_NAME = AppIcon;
				ASSETCATALOG_COMPILER_GLOBAL_ACCENT_COLOR_NAME = AccentColor;
				CODE_SIGN_ENTITLEMENTS = KeyboardManager/KeyboardManager.entitlements;
				CODE_SIGN_STYLE = Automatic;
				COMBINE_HIDPI_IMAGES = YES;
				CURRENT_PROJECT_VERSION = 1;
				GENERATE_INFOPLIST_FILE = YES;
				INFOPLIST_FILE = KeyboardManager/Info.plist;
				INFOPLIST_KEY_LSUIElement = YES;
				INFOPLIST_KEY_NSHumanReadableCopyright = "";
				INFOPLIST_KEY_NSMainStoryboardFile = Main;
				INFOPLIST_KEY_NSPrincipalClass = NSApplication;
				LD_RUNPATH_SEARCH_PATHS = (
					"$(inherited)",
					"@executable_path/../Frameworks",
				);
				MACOSX_DEPLOYMENT_TARGET = 12.4;
				MARKETING_VERSION = 1.0;
				PRODUCT_BUNDLE_IDENTIFIER = alextuby.KeyboardManager;
				PRODUCT_NAME = "$(TARGET_NAME)";
				REGISTER_APP_GROUPS = YES;
				SWIFT_EMIT_LOC_STRINGS = YES;
				SWIFT_VERSION = 5.0;
			};
			name = Debug;
		};
		634DBFD12E1D3FDD001B32ED /* Release */ = {
			isa = XCBuildConfiguration;
			buildSettings = {
				ASSETCATALOG_COMPILER_APPICON_NAME = AppIcon;
				ASSETCATALOG_COMPILER_GLOBAL_ACCENT_COLOR_NAME = AccentColor;
				CODE_SIGN_ENTITLEMENTS = KeyboardManager/KeyboardManager.entitlements;
				CODE_SIGN_STYLE = Automatic;
				COMBINE_HIDPI_IMAGES = YES;
				CURRENT_PROJECT_VERSION = 1;
				GENERATE_INFOPLIST_FILE = YES;
				INFOPLIST_FILE = KeyboardManager/Info.plist;
				INFOPLIST_KEY_LSUIElement = YES;
				INFOPLIST_KEY_NSHumanReadableCopyright = "";
				INFOPLIST_KEY_NSMainStoryboardFile = Main;
				INFOPLIST_KEY_NSPrincipalClass = NSApplication;
				LD_RUNPATH_SEARCH_PATHS = (
					"$(inherited)",
					"@executable_path/../Frameworks",
				);
				MACOSX_DEPLOYMENT_TARGET = 12.4;
				MARKETING_VERSION = 1.0;
				PRODUCT_BUNDLE_IDENTIFIER = alextuby.KeyboardManager;
				PRODUCT_NAME = "$(TARGET_NAME)";
				REGISTER_APP_GROUPS = YES;
				SWIFT_EMIT_LOC_STRINGS = YES;
				SWIFT_VERSION = 5.0;
			};
			name = Release;
		};
		634DBFD32E1D3FDD001B32ED /* Debug */ = {
			isa = XCBuildConfiguration;
			buildSettings = {
				BUNDLE_LOADER = "$(TEST_HOST)";
				CODE_SIGN_STYLE = Automatic;
				CURRENT_PROJECT_VERSION = 1;
				GENERATE_INFOPLIST_FILE = YES;
				MACOSX_DEPLOYMENT_TARGET = 15.5;
				MARKETING_VERSION = 1.0;
				PRODUCT_BUNDLE_IDENTIFIER = alextuby.KeyboardManagerTests;
				PRODUCT_NAME = "$(TARGET_NAME)";
				SWIFT_EMIT_LOC_STRINGS = NO;
				SWIFT_VERSION = 5.0;
				TEST_HOST = "$(BUILT_PRODUCTS_DIR)/KeyboardManager.app/$(BUNDLE_EXECUTABLE_FOLDER_PATH)/KeyboardManager";
			};
			name = Debug;
		};
		634DBFD42E1D3FDD001B32ED /* Release */ = {
			isa = XCBuildConfiguration;
			buildSettings = {
				BUNDLE_LOADER = "$(TEST_HOST)";
				CODE_SIGN_STYLE = Automatic;
				CURRENT_PROJECT_VERSION = 1;
				GENERATE_INFOPLIST_FILE = YES;
				MACOSX_DEPLOYMENT_TARGET = 15.5;
				MARKETING_VERSION = 1.0;
				PRODUCT_BUNDLE_IDENTIFIER = alextuby.KeyboardManagerTests;
				PRODUCT_NAME = "$(TARGET_NAME)";
				SWIFT_EMIT_LOC_STRINGS = NO;
				SWIFT_VERSION = 5.0;
				TEST_HOST = "$(BUILT_PRODUCTS_DIR)/KeyboardManager.app/$(BUNDLE_EXECUTABLE_FOLDER_PATH)/KeyboardManager";
			};
			name = Release;
		};
		634DBFD62E1D3FDD001B32ED /* Debug */ = {
			isa = XCBuildConfiguration;
			buildSettings = {
				CODE_SIGN_STYLE = Automatic;
				CURRENT_PROJECT_VERSION = 1;
				GENERATE_INFOPLIST_FILE = YES;
				MARKETING_VERSION = 1.0;
				PRODUCT_BUNDLE_IDENTIFIER = alextuby.KeyboardManagerUITests;
				PRODUCT_NAME = "$(TARGET_NAME)";
				SWIFT_EMIT_LOC_STRINGS = NO;
				SWIFT_VERSION = 5.0;
				TEST_TARGET_NAME = KeyboardManager;
			};
			name = Debug;
		};
		634DBFD72E1D3FDD001B32ED /* Release */ = {
			isa = XCBuildConfiguration;
			buildSettings = {
				CODE_SIGN_STYLE = Automatic;
				CURRENT_PROJECT_VERSION = 1;
				GENERATE_INFOPLIST_FILE = YES;
				MARKETING_VERSION = 1.0;
				PRODUCT_BUNDLE_IDENTIFIER = alextuby.KeyboardManagerUITests;
				PRODUCT_NAME = "$(TARGET_NAME)";
				SWIFT_EMIT_LOC_STRINGS = NO;
				SWIFT_VERSION = 5.0;
				TEST_TARGET_NAME = KeyboardManager;
			};
			name = Release;
		};
/* End XCBuildConfiguration section */

/* Begin XCConfigurationList section */
		634DBFA52E1D3FDC001B32ED /* Build configuration list for PBXProject "KeyboardManager" */ = {
			isa = XCConfigurationList;
			buildConfigurations = (
				634DBFCD2E1D3FDD001B32ED /* Debug */,
				634DBFCE2E1D3FDD001B32ED /* Release */,
			);
			defaultConfigurationIsVisible = 0;
			defaultConfigurationName = Release;
		};
		634DBFCF2E1D3FDD001B32ED /* Build configuration list for PBXNativeTarget "KeyboardManager" */ = {
			isa = XCConfigurationList;
			buildConfigurations = (
				634DBFD02E1D3FDD001B32ED /* Debug */,
				634DBFD12E1D3FDD001B32ED /* Release */,
			);
			defaultConfigurationIsVisible = 0;
			defaultConfigurationName = Release;
		};
		634DBFD22E1D3FDD001B32ED /* Build configuration list for PBXNativeTarget "KeyboardManagerTests" */ = {
			isa = XCConfigurationList;
			buildConfigurations = (
				634DBFD32E1D3FDD001B32ED /* Debug */,
				634DBFD42E1D3FDD001B32ED /* Release */,
			);
			defaultConfigurationIsVisible = 0;
			defaultConfigurationName = Release;
		};
		634DBFD52E1D3FDD001B32ED /* Build configuration list for PBXNativeTarget "KeyboardManagerUITests" */ = {
			isa = XCConfigurationList;
			buildConfigurations = (
				634DBFD62E1D3FDD001B32ED /* Debug */,
				634DBFD72E1D3FDD001B32ED /* Release */,
			);
			defaultConfigurationIsVisible = 0;
			defaultConfigurationName = Release;
		};
/* End XCConfigurationList section */
	};
	rootObject = 634DBFA22E1D3FDC001B32ED /* Project object */;
}
